
Microsoft Visual Studio Solution File, Format Version 12.00
# Visual Studio Version 17
VisualStudioVersion = 17.2.32630.192
MinimumVisualStudioVersion = 10.0.40219.1
Project("{9A19103F-16F7-4668-BE54-9A1E7A4F7556}") = "3C4_Exercices", "3C4_Exercices\3C4_Exercices.csproj", "{94087361-6A3E-4087-B8D3-5855527E2924}"
EndProject
Project("{FAE04EC0-301F-11D3-BF4B-00C04F79EFBC}") = "3C4_Cours03", "3C4_Cours03\3C4_Cours03.csproj", "{27AB7CA8-E2E7-4338-BE58-5FC5EC87F191}"
EndProject
Global
	GlobalSection(SolutionConfigurationPlatforms) = preSolution
		Debug|Any CPU = Debug|Any CPU
		Release|Any CPU = Release|Any CPU
	EndGlobalSection
	GlobalSection(ProjectConfigurationPlatforms) = postSolution
		{94087361-6A3E-4087-B8D3-5855527E2924}.Debug|Any CPU.ActiveCfg = Debug|Any CPU
		{94087361-6A3E-4087-B8D3-5855527E2924}.Debug|Any CPU.Build.0 = Debug|Any CPU
		{94087361-6A3E-4087-B8D3-5855527E2924}.Release|Any CPU.ActiveCfg = Release|Any CPU
		{94087361-6A3E-4087-B8D3-5855527E2924}.Release|Any CPU.Build.0 = Release|Any CPU
		{27AB7CA8-E2E7-4338-BE58-5FC5EC87F191}.Debug|Any CPU.ActiveCfg = Debug|Any CPU
		{27AB7CA8-E2E7-4338-BE58-5FC5EC87F191}.Debug|Any CPU.Build.0 = Debug|Any CPU
		{27AB7CA8-E2E7-4338-BE58-5FC5EC87F191}.Release|Any CPU.ActiveCfg = Release|Any CPU
		{27AB7CA8-E2E7-4338-BE58-5FC5EC87F191}.Release|Any CPU.Build.0 = Release|Any CPU
	EndGlobalSection
	GlobalSection(SolutionProperties) = preSolution
		HideSolutionNode = FALSE
	EndGlobalSection
	GlobalSection(ExtensibilityGlobals) = postSolution
		SolutionGuid = {7476787D-B140-4C8C-9CF2-4E7F2D0723E6}
	EndGlobalSection
EndGlobal
